
Microsoft Visual Studio Solution File, Format Version 12.00
# Visual Studio Version 16
VisualStudioVersion = 16.0.32630.194
MinimumVisualStudioVersion = 10.0.40219.1
Project("{FAE04EC0-301F-11D3-BF4B-00C04F79EFBC}") = "MSSqlFiller", "MSSqlFiller.csproj", "{1C9A341C-21AD-48D2-8DEA-F9CA828B3901}"
EndProject
Global
	GlobalSection(SolutionConfigurationPlatforms) = preSolution
		Debug|Any CPU = Debug|Any CPU
		Release|Any CPU = Release|Any CPU
	EndGlobalSection
	GlobalSection(ProjectConfigurationPlatforms) = postSolution
		{1C9A341C-21AD-48D2-8DEA-F9CA828B3901}.Debug|Any CPU.ActiveCfg = Debug|Any CPU
		{1C9A341C-21AD-48D2-8DEA-F9CA828B3901}.Debug|Any CPU.Build.0 = Debug|Any CPU
		{1C9A341C-21AD-48D2-8DEA-F9CA828B3901}.Release|Any CPU.ActiveCfg = Release|Any CPU
		{1C9A341C-21AD-48D2-8DEA-F9CA828B3901}.Release|Any CPU.Build.0 = Release|Any CPU
	EndGlobalSection
	GlobalSection(SolutionProperties) = preSolution
		HideSolutionNode = FALSE
	EndGlobalSection
	GlobalSection(ExtensibilityGlobals) = postSolution
		SolutionGuid = {6ADAA88B-B26B-41E8-B7C7-34798E1FCD11}
	EndGlobalSection
EndGlobal
